{
  "name": "shared-workflows",
  "version": "1.0.0",
  "lockfileVersion": 1,
  "dependencies": {
    "lodash": {
      "version": "4.17.21",
      "resolved": "https://registry.npmjs.org/lodash/-/lodash-4.17.21.tgz",
      "integrity": "sha512-KT75Zr5N8R28hhJH8sXe3g8hz9wB7p6KqA5p8W3J9ITFS80FzJH/pmOh5z8X8E3aH8hP7ZOs5z8V7qhm3KEXvQ==",
      "engines": {
        "node": ">= 4.0.0"
      }
    }
  }
}
